
Microsoft Visual Studio Solution File, Format Version 12.00
# Visual Studio 15
VisualStudioVersion = 15.0.27004.2010
MinimumVisualStudioVersion = 10.0.40219.1
Project("{FAE04EC0-301F-11D3-BF4B-00C04F79EFBC}") = "ValaisTourisme", "ValaisTourisme\ValaisTourisme.csproj", "{38A076B8-54BD-4496-AFFF-62DAE2F59F23}"
EndProject
Project("{FAE04EC0-301F-11D3-BF4B-00C04F79EFBC}") = "DAL", "DAL\DAL.csproj", "{556E7716-85C2-475E-884F-DE96C8396C2D}"
EndProject
Project("{FAE04EC0-301F-11D3-BF4B-00C04F79EFBC}") = "DTO", "DTO\DTO.csproj", "{3CD1EAD3-7A75-4009-9DF2-63C419D0B427}"
EndProject
Project("{FAE04EC0-301F-11D3-BF4B-00C04F79EFBC}") = "BLL", "BLL\BLL.csproj", "{9D7F55EE-0334-44E0-9230-82485D38A76B}"
EndProject
Global
	GlobalSection(SolutionConfigurationPlatforms) = preSolution
		Debug|Any CPU = Debug|Any CPU
		Release|Any CPU = Release|Any CPU
	EndGlobalSection
	GlobalSection(ProjectConfigurationPlatforms) = postSolution
		{38A076B8-54BD-4496-AFFF-62DAE2F59F23}.Debug|Any CPU.ActiveCfg = Debug|Any CPU
		{38A076B8-54BD-4496-AFFF-62DAE2F59F23}.Debug|Any CPU.Build.0 = Debug|Any CPU
		{38A076B8-54BD-4496-AFFF-62DAE2F59F23}.Release|Any CPU.ActiveCfg = Release|Any CPU
		{38A076B8-54BD-4496-AFFF-62DAE2F59F23}.Release|Any CPU.Build.0 = Release|Any CPU
		{556E7716-85C2-475E-884F-DE96C8396C2D}.Debug|Any CPU.ActiveCfg = Debug|Any CPU
		{556E7716-85C2-475E-884F-DE96C8396C2D}.Debug|Any CPU.Build.0 = Debug|Any CPU
		{556E7716-85C2-475E-884F-DE96C8396C2D}.Release|Any CPU.ActiveCfg = Release|Any CPU
		{556E7716-85C2-475E-884F-DE96C8396C2D}.Release|Any CPU.Build.0 = Release|Any CPU
		{3CD1EAD3-7A75-4009-9DF2-63C419D0B427}.Debug|Any CPU.ActiveCfg = Debug|Any CPU
		{3CD1EAD3-7A75-4009-9DF2-63C419D0B427}.Debug|Any CPU.Build.0 = Debug|Any CPU
		{3CD1EAD3-7A75-4009-9DF2-63C419D0B427}.Release|Any CPU.ActiveCfg = Release|Any CPU
		{3CD1EAD3-7A75-4009-9DF2-63C419D0B427}.Release|Any CPU.Build.0 = Release|Any CPU
		{9D7F55EE-0334-44E0-9230-82485D38A76B}.Debug|Any CPU.ActiveCfg = Debug|Any CPU
		{9D7F55EE-0334-44E0-9230-82485D38A76B}.Debug|Any CPU.Build.0 = Debug|Any CPU
		{9D7F55EE-0334-44E0-9230-82485D38A76B}.Release|Any CPU.ActiveCfg = Release|Any CPU
		{9D7F55EE-0334-44E0-9230-82485D38A76B}.Release|Any CPU.Build.0 = Release|Any CPU
	EndGlobalSection
	GlobalSection(SolutionProperties) = preSolution
		HideSolutionNode = FALSE
	EndGlobalSection
	GlobalSection(ExtensibilityGlobals) = postSolution
		SolutionGuid = {BD4B5D92-C079-4161-A735-1FF95379998A}
	EndGlobalSection
EndGlobal
